// !$*UTF8*$!
{
	archiveVersion = 1;
	classes = {
	};
	objectVersion = 50;
	objects = {

/* Begin PBXBuildFile section */
		4BA160C6265B92C200CCEB46 /* AppDelegate.swift in Sources */ = {isa = PBXBuildFile; fileRef = 4BA160C5265B92C200CCEB46 /* AppDelegate.swift */; };
		4BA160C8265B92C200CCEB46 /* SceneDelegate.swift in Sources */ = {isa = PBXBuildFile; fileRef = 4BA160C7265B92C200CCEB46 /* SceneDelegate.swift */; };
		4BA160CA265B92C200CCEB46 /* ViewController.swift in Sources */ = {isa = PBXBuildFile; fileRef = 4BA160C9265B92C200CCEB46 /* ViewController.swift */; };
		4BA160CD265B92C200CCEB46 /* Main.storyboard in Resources */ = {isa = PBXBuildFile; fileRef = 4BA160CB265B92C200CCEB46 /* Main.storyboard */; };
		4BA160D0265B92C200CCEB46 /* ToDoListTable.xcdatamodeld in Sources */ = {isa = PBXBuildFile; fileRef = 4BA160CE265B92C200CCEB46 /* ToDoListTable.xcdatamodeld */; };
		4BA160D2265B92C300CCEB46 /* Assets.xcassets in Resources */ = {isa = PBXBuildFile; fileRef = 4BA160D1265B92C300CCEB46 /* Assets.xcassets */; };
		4BA160D5265B92C300CCEB46 /* LaunchScreen.storyboard in Resources */ = {isa = PBXBuildFile; fileRef = 4BA160D3265B92C300CCEB46 /* LaunchScreen.storyboard */; };
		4BA160DF265B934D00CCEB46 /* Person+CoreDataClass.swift in Sources */ = {isa = PBXBuildFile; fileRef = 4BA160DD265B934D00CCEB46 /* Person+CoreDataClass.swift */; };
		4BA160E0265B934D00CCEB46 /* Person+CoreDataProperties.swift in Sources */ = {isa = PBXBuildFile; fileRef = 4BA160DE265B934D00CCEB46 /* Person+CoreDataProperties.swift */; };
/* End PBXBuildFile section */

/* Begin PBXFileReference section */
		4BA160C2265B92C200CCEB46 /* ToDoListTable.app */ = {isa = PBXFileReference; explicitFileType = wrapper.application; includeInIndex = 0; path = ToDoListTable.app; sourceTree = BUILT_PRODUCTS_DIR; };
		4BA160C5265B92C200CCEB46 /* AppDelegate.swift */ = {isa = PBXFileReference; lastKnownFileType = sourcecode.swift; path = AppDelegate.swift; sourceTree = "<group>"; };
		4BA160C7265B92C200CCEB46 /* SceneDelegate.swift */ = {isa = PBXFileReference; lastKnownFileType = sourcecode.swift; path = SceneDelegate.swift; sourceTree = "<group>"; };
		4BA160C9265B92C200CCEB46 /* ViewController.swift */ = {isa = PBXFileReference; lastKnownFileType = sourcecode.swift; path = ViewController.swift; sourceTree = "<group>"; };
		4BA160CC265B92C200CCEB46 /* Base */ = {isa = PBXFileReference; lastKnownFileType = file.storyboard; name = Base; path = Base.lproj/Main.storyboard; sourceTree = "<group>"; };
		4BA160CF265B92C200CCEB46 /* ToDoListTable.xcdatamodel */ = {isa = PBXFileReference; lastKnownFileType = wrapper.xcdatamodel; path = ToDoListTable.xcdatamodel; sourceTree = "<group>"; };
		4BA160D1265B92C300CCEB46 /* Assets.xcassets */ = {isa = PBXFileReference; lastKnownFileType = folder.assetcatalog; path = Assets.xcassets; sourceTree = "<group>"; };
		4BA160D4265B92C300CCEB46 /* Base */ = {isa = PBXFileReference; lastKnownFileType = file.storyboard; name = Base; path = Base.lproj/LaunchScreen.storyboard; sourceTree = "<group>"; };
		4BA160D6265B92C300CCEB46 /* Info.plist */ = {isa = PBXFileReference; lastKnownFileType = text.plist.xml; path = Info.plist; sourceTree = "<group>"; };
		4BA160DD265B934D00CCEB46 /* Person+CoreDataClass.swift */ = {isa = PBXFileReference; lastKnownFileType = sourcecode.swift; path = "Person+CoreDataClass.swift"; sourceTree = "<group>"; };
		4BA160DE265B934D00CCEB46 /* Person+CoreDataProperties.swift */ = {isa = PBXFileReference; lastKnownFileType = sourcecode.swift; path = "Person+CoreDataProperties.swift"; sourceTree = "<group>"; };
/* End PBXFileReference section */

/* Begin PBXFrameworksBuildPhase section */
		4BA160BF265B92C200CCEB46 /* Frameworks */ = {
			isa = PBXFrameworksBuildPhase;
			buildActionMask = 2147483647;
			files = (
			);
			runOnlyForDeploymentPostprocessing = 0;
		};
/* End PBXFrameworksBuildPhase section */

/* Begin PBXGroup section */
		4BA160B9265B92C200CCEB46 = {
			isa = PBXGroup;
			children = (
				4BA160E2265B935800CCEB46 /* Model */,
				4BA160C4265B92C200CCEB46 /* ToDoListTable */,
				4BA160C3265B92C200CCEB46 /* Products */,
			);
			sourceTree = "<group>";
		};
		4BA160C3265B92C200CCEB46 /* Products */ = {
			isa = PBXGroup;
			children = (
				4BA160C2265B92C200CCEB46 /* ToDoListTable.app */,
			);
			name = Products;
			sourceTree = "<group>";
		};
		4BA160C4265B92C200CCEB46 /* ToDoListTable */ = {
			isa = PBXGroup;
			children = (
				4BA160C5265B92C200CCEB46 /* AppDelegate.swift */,
				4BA160C7265B92C200CCEB46 /* SceneDelegate.swift */,
				4BA160C9265B92C200CCEB46 /* ViewController.swift */,
				4BA160CB265B92C200CCEB46 /* Main.storyboard */,
				4BA160D1265B92C300CCEB46 /* Assets.xcassets */,
				4BA160D3265B92C300CCEB46 /* LaunchScreen.storyboard */,
				4BA160D6265B92C300CCEB46 /* Info.plist */,
				4BA160CE265B92C200CCEB46 /* ToDoListTable.xcdatamodeld */,
			);
			path = ToDoListTable;
			sourceTree = "<group>";
		};
		4BA160E2265B935800CCEB46 /* Model */ = {
			isa = PBXGroup;
			children = (
				4BA160DD265B934D00CCEB46 /* Person+CoreDataClass.swift */,
				4BA160DE265B934D00CCEB46 /* Person+CoreDataProperties.swift */,
			);
			path = Model;
			sourceTree = "<group>";
		};
/* End PBXGroup section */

/* Begin PBXNativeTarget section */
		4BA160C1265B92C200CCEB46 /* ToDoListTable */ = {
			isa = PBXNativeTarget;
			buildConfigurationList = 4BA160D9265B92C300CCEB46 /* Build configuration list for PBXNativeTarget "ToDoListTable" */;
			buildPhases = (
				4BA160BE265B92C200CCEB46 /* Sources */,
				4BA160BF265B92C200CCEB46 /* Frameworks */,
				4BA160C0265B92C200CCEB46 /* Resources */,
			);
			buildRules = (
			);
			dependencies = (
			);
			name = ToDoListTable;
			productName = ToDoListTable;
			productReference = 4BA160C2265B92C200CCEB46 /* ToDoListTable.app */;
			productType = "com.apple.product-type.application";
		};
/* End PBXNativeTarget section */

/* Begin PBXProject section */
		4BA160BA265B92C200CCEB46 /* Project object */ = {
			isa = PBXProject;
			attributes = {
				LastSwiftUpdateCheck = 1230;
				LastUpgradeCheck = 1230;
				TargetAttributes = {
					4BA160C1265B92C200CCEB46 = {
						CreatedOnToolsVersion = 12.3;
					};
				};
			};
			buildConfigurationList = 4BA160BD265B92C200CCEB46 /* Build configuration list for PBXProject "ToDoListTable" */;
			compatibilityVersion = "Xcode 9.3";
			developmentRegion = en;
			hasScannedForEncodings = 0;
			knownRegions = (
				en,
				Base,
			);
			mainGroup = 4BA160B9265B92C200CCEB46;
			productRefGroup = 4BA160C3265B92C200CCEB46 /* Products */;
			projectDirPath = "";
			projectRoot = "";
			targets = (
				4BA160C1265B92C200CCEB46 /* ToDoListTable */,
			);
		};
/* End PBXProject section */

/* Begin PBXResourcesBuildPhase section */
		4BA160C0265B92C200CCEB46 /* Resources */ = {
			isa = PBXResourcesBuildPhase;
			buildActionMask = 2147483647;
			files = (
				4BA160D5265B92C300CCEB46 /* LaunchScreen.storyboard in Resources */,
				4BA160D2265B92C300CCEB46 /* Assets.xcassets in Resources */,
				4BA160CD265B92C200CCEB46 /* Main.storyboard in Resources */,
			);
			runOnlyForDeploymentPostprocessing = 0;
		};
/* End PBXResourcesBuildPhase section */

/* Begin PBXSourcesBuildPhase section */
		4BA160BE265B92C200CCEB46 /* Sources */ = {
			isa = PBXSourcesBuildPhase;
			buildActionMask = 2147483647;
			files = (
				4BA160D0265B92C200CCEB46 /* ToDoListTable.xcdatamodeld in Sources */,
				4BA160CA265B92C200CCEB46 /* ViewController.swift in Sources */,
				4BA160E0265B934D00CCEB46 /* Person+CoreDataProperties.swift in Sources */,
				4BA160DF265B934D00CCEB46 /* Person+CoreDataClass.swift in Sources */,
				4BA160C6265B92C200CCEB46 /* AppDelegate.swift in Sources */,
				4BA160C8265B92C200CCEB46 /* SceneDelegate.swift in Sources */,
			);
			runOnlyForDeploymentPostprocessing = 0;
		};
/* End PBXSourcesBuildPhase section */

/* Begin PBXVariantGroup section */
		4BA160CB265B92C200CCEB46 /* Main.storyboard */ = {
			isa = PBXVariantGroup;
			children = (
				4BA160CC265B92C200CCEB46 /* Base */,
			);
			name = Main.storyboard;
			sourceTree = "<group>";
		};
		4BA160D3265B92C300CCEB46 /* LaunchScreen.storyboard */ = {
			isa = PBXVariantGroup;
			children = (
				4BA160D4265B92C300CCEB46 /* Base */,
			);
			name = LaunchScreen.storyboard;
			sourceTree = "<group>";
		};
/* End PBXVariantGroup section */

/* Begin XCBuildConfiguration section */
		4BA160D7265B92C300CCEB46 /* Debug */ = {
			isa = XCBuildConfiguration;
			buildSettings = {
				ALWAYS_SEARCH_USER_PATHS = NO;
				CLANG_ANALYZER_NONNULL = YES;
				CLANG_ANALYZER_NUMBER_OBJECT_CONVERSION = YES_AGGRESSIVE;
				CLANG_CXX_LANGUAGE_STANDARD = "gnu++14";
				CLANG_CXX_LIBRARY = "libc++";
				CLANG_ENABLE_MODULES = YES;
				CLANG_ENABLE_OBJC_ARC = YES;
				CLANG_ENABLE_OBJC_WEAK = YES;
				CLANG_WARN_BLOCK_CAPTURE_AUTORELEASING = YES;
				CLANG_WARN_BOOL_CONVERSION = YES;
				CLANG_WARN_COMMA = YES;
				CLANG_WARN_CONSTANT_CONVERSION = YES;
				CLANG_WARN_DEPRECATED_OBJC_IMPLEMENTATIONS = YES;
				CLANG_WARN_DIRECT_OBJC_ISA_USAGE = YES_ERROR;
				CLANG_WARN_DOCUMENTATION_COMMENTS = YES;
				CLANG_WARN_EMPTY_BODY = YES;
				CLANG_WARN_ENUM_CONVERSION = YES;
				CLANG_WARN_INFINITE_RECURSION = YES;
				CLANG_WARN_INT_CONVERSION = YES;
				CLANG_WARN_NON_LITERAL_NULL_CONVERSION = YES;
				CLANG_WARN_OBJC_IMPLICIT_RETAIN_SELF = YES;
				CLANG_WARN_OBJC_LITERAL_CONVERSION = YES;
				CLANG_WARN_OBJC_ROOT_CLASS = YES_ERROR;
				CLANG_WARN_QUOTED_INCLUDE_IN_FRAMEWORK_HEADER = YES;
				CLANG_WARN_RANGE_LOOP_ANALYSIS = YES;
				CLANG_WARN_STRICT_PROTOTYPES = YES;
				CLANG_WARN_SUSPICIOUS_MOVE = YES;
				CLANG_WARN_UNGUARDED_AVAILABILITY = YES_AGGRESSIVE;
				CLANG_WARN_UNREACHABLE_CODE = YES;
				CLANG_WARN__DUPLICATE_METHOD_MATCH = YES;
				COPY_PHASE_STRIP = NO;
				DEBUG_INFORMATION_FORMAT = dwarf;
				ENABLE_STRICT_OBJC_MSGSEND = YES;
				ENABLE_TESTABILITY = YES;
				GCC_C_LANGUAGE_STANDARD = gnu11;
				GCC_DYNAMIC_NO_PIC = NO;
				GCC_NO_COMMON_BLOCKS = YES;
				GCC_OPTIMIZATION_LEVEL = 0;
				GCC_PREPROCESSOR_DEFINITIONS = (
					"DEBUG=1",
					"$(inherited)",
				);
				GCC_WARN_64_TO_32_BIT_CONVERSION = YES;
				GCC_WARN_ABOUT_RETURN_TYPE = YES_ERROR;
				GCC_WARN_UNDECLARED_SELECTOR = YES;
				GCC_WARN_UNINITIALIZED_AUTOS = YES_AGGRESSIVE;
				GCC_WARN_UNUSED_FUNCTION = YES;
				GCC_WARN_UNUSED_VARIABLE = YES;
				IPHONEOS_DEPLOYMENT_TARGET = 14.3;
				MTL_ENABLE_DEBUG_INFO = INCLUDE_SOURCE;
				MTL_FAST_MATH = YES;
				ONLY_ACTIVE_ARCH = YES;
				SDKROOT = iphoneos;
				SWIFT_ACTIVE_COMPILATION_CONDITIONS = DEBUG;
				SWIFT_OPTIMIZATION_LEVEL = "-Onone";
			};
			name = Debug;
		};
		4BA160D8265B92C300CCEB46 /* Release */ = {
			isa = XCBuildConfiguration;
			buildSettings = {
				ALWAYS_SEARCH_USER_PATHS = NO;
				CLANG_ANALYZER_NONNULL = YES;
				CLANG_ANALYZER_NUMBER_OBJECT_CONVERSION = YES_AGGRESSIVE;
				CLANG_CXX_LANGUAGE_STANDARD = "gnu++14";
				CLANG_CXX_LIBRARY = "libc++";
				CLANG_ENABLE_MODULES = YES;
				CLANG_ENABLE_OBJC_ARC = YES;
				CLANG_ENABLE_OBJC_WEAK = YES;
				CLANG_WARN_BLOCK_CAPTURE_AUTORELEASING = YES;
				CLANG_WARN_BOOL_CONVERSION = YES;
				CLANG_WARN_COMMA = YES;
				CLANG_WARN_CONSTANT_CONVERSION = YES;
				CLANG_WARN_DEPRECATED_OBJC_IMPLEMENTATIONS = YES;
				CLANG_WARN_DIRECT_OBJC_ISA_USAGE = YES_ERROR;
				CLANG_WARN_DOCUMENTATION_COMMENTS = YES;
				CLANG_WARN_EMPTY_BODY = YES;
				CLANG_WARN_ENUM_CONVERSION = YES;
				CLANG_WARN_INFINITE_RECURSION = YES;
				CLANG_WARN_INT_CONVERSION = YES;
				CLANG_WARN_NON_LITERAL_NULL_CONVERSION = YES;
				CLANG_WARN_OBJC_IMPLICIT_RETAIN_SELF = YES;
				CLANG_WARN_OBJC_LITERAL_CONVERSION = YES;
				CLANG_WARN_OBJC_ROOT_CLASS = YES_ERROR;
				CLANG_WARN_QUOTED_INCLUDE_IN_FRAMEWORK_HEADER = YES;
				CLANG_WARN_RANGE_LOOP_ANALYSIS = YES;
				CLANG_WARN_STRICT_PROTOTYPES = YES;
				CLANG_WARN_SUSPICIOUS_MOVE = YES;
				CLANG_WARN_UNGUARDED_AVAILABILITY = YES_AGGRESSIVE;
				CLANG_WARN_UNREACHABLE_CODE = YES;
				CLANG_WARN__DUPLICATE_METHOD_MATCH = YES;
				COPY_PHASE_STRIP = NO;
				DEBUG_INFORMATION_FORMAT = "dwarf-with-dsym";
				ENABLE_NS_ASSERTIONS = NO;
				ENABLE_STRICT_OBJC_MSGSEND = YES;
				GCC_C_LANGUAGE_STANDARD = gnu11;
				GCC_NO_COMMON_BLOCKS = YES;
				GCC_WARN_64_TO_32_BIT_CONVERSION = YES;
				GCC_WARN_ABOUT_RETURN_TYPE = YES_ERROR;
				GCC_WARN_UNDECLARED_SELECTOR = YES;
				GCC_WARN_UNINITIALIZED_AUTOS = YES_AGGRESSIVE;
				GCC_WARN_UNUSED_FUNCTION = YES;
				GCC_WARN_UNUSED_VARIABLE = YES;
				IPHONEOS_DEPLOYMENT_TARGET = 14.3;
				MTL_ENABLE_DEBUG_INFO = NO;
				MTL_FAST_MATH = YES;
				SDKROOT = iphoneos;
				SWIFT_COMPILATION_MODE = wholemodule;
				SWIFT_OPTIMIZATION_LEVEL = "-O";
				VALIDATE_PRODUCT = YES;
			};
			name = Release;
		};
		4BA160DA265B92C300CCEB46 /* Debug */ = {
			isa = XCBuildConfiguration;
			buildSettings = {
				ASSETCATALOG_COMPILER_APPICON_NAME = AppIcon;
				ASSETCATALOG_COMPILER_GLOBAL_ACCENT_COLOR_NAME = AccentColor;
				CODE_SIGN_STYLE = Automatic;
				DEVELOPMENT_TEAM = 725682KBPV;
				INFOPLIST_FILE = ToDoListTable/Info.plist;
				LD_RUNPATH_SEARCH_PATHS = (
					"$(inherited)",
					"@executable_path/Frameworks",
				);
				PRODUCT_BUNDLE_IDENTIFIER = DZ.ToDoListTable;
				PRODUCT_NAME = "$(TARGET_NAME)";
				SWIFT_VERSION = 5.0;
				TARGETED_DEVICE_FAMILY = "1,2";
			};
			name = Debug;
		};
		4BA160DB265B92C300CCEB46 /* Release */ = {
			isa = XCBuildConfiguration;
			buildSettings = {
				ASSETCATALOG_COMPILER_APPICON_NAME = AppIcon;
				ASSETCATALOG_COMPILER_GLOBAL_ACCENT_COLOR_NAME = AccentColor;
				CODE_SIGN_STYLE = Automatic;
				DEVELOPMENT_TEAM = 725682KBPV;
				INFOPLIST_FILE = ToDoListTable/Info.plist;
				LD_RUNPATH_SEARCH_PATHS = (
					"$(inherited)",
					"@executable_path/Frameworks",
				);
				PRODUCT_BUNDLE_IDENTIFIER = DZ.ToDoListTable;
				PRODUCT_NAME = "$(TARGET_NAME)";
				SWIFT_VERSION = 5.0;
				TARGETED_DEVICE_FAMILY = "1,2";
			};
			name = Release;
		};
/* End XCBuildConfiguration section */

/* Begin XCConfigurationList section */
		4BA160BD265B92C200CCEB46 /* Build configuration list for PBXProject "ToDoListTable" */ = {
			isa = XCConfigurationList;
			buildConfigurations = (
				4BA160D7265B92C300CCEB46 /* Debug */,
				4BA160D8265B92C300CCEB46 /* Release */,
			);
			defaultConfigurationIsVisible = 0;
			defaultConfigurationName = Release;
		};
		4BA160D9265B92C300CCEB46 /* Build configuration list for PBXNativeTarget "ToDoListTable" */ = {
			isa = XCConfigurationList;
			buildConfigurations = (
				4BA160DA265B92C300CCEB46 /* Debug */,
				4BA160DB265B92C300CCEB46 /* Release */,
			);
			defaultConfigurationIsVisible = 0;
			defaultConfigurationName = Release;
		};
/* End XCConfigurationList section */

/* Begin XCVersionGroup section */
		4BA160CE265B92C200CCEB46 /* ToDoListTable.xcdatamodeld */ = {
			isa = XCVersionGroup;
			children = (
				4BA160CF265B92C200CCEB46 /* ToDoListTable.xcdatamodel */,
			);
			currentVersion = 4BA160CF265B92C200CCEB46 /* ToDoListTable.xcdatamodel */;
			path = ToDoListTable.xcdatamodeld;
			sourceTree = "<group>";
			versionGroupType = wrapper.xcdatamodel;
		};
/* End XCVersionGroup section */
	};
	rootObject = 4BA160BA265B92C200CCEB46 /* Project object */;
}
